
Microsoft Visual Studio Solution File, Format Version 12.00
# Visual Studio Version 18
VisualStudioVersion = 18.3.11206.111 d18.3
MinimumVisualStudioVersion = 10.0.40219.1
Project("{FAE04EC0-301F-11D3-BF4B-00C04F79EFBC}") = "DinaZen", "DinaZen.csproj", "{0DC060FE-943A-5461-E359-BD5F16952F61}"
EndProject
Project("{FAE04EC0-301F-11D3-BF4B-00C04F79EFBC}") = "Dinazen.HelloWorld2", "..\Dinazen.HelloWorld2\Dinazen.HelloWorld2.csproj", "{4C74376F-7119-4DC0-9BCA-CFC8FACDDB8D}"
EndProject
Global
	GlobalSection(SolutionConfigurationPlatforms) = preSolution
		Debug|Any CPU = Debug|Any CPU
		Release|Any CPU = Release|Any CPU
	EndGlobalSection
	GlobalSection(ProjectConfigurationPlatforms) = postSolution
		{0DC060FE-943A-5461-E359-BD5F16952F61}.Debug|Any CPU.ActiveCfg = Debug|Any CPU
		{0DC060FE-943A-5461-E359-BD5F16952F61}.Debug|Any CPU.Build.0 = Debug|Any CPU
		{0DC060FE-943A-5461-E359-BD5F16952F61}.Release|Any CPU.ActiveCfg = Release|Any CPU
		{0DC060FE-943A-5461-E359-BD5F16952F61}.Release|Any CPU.Build.0 = Release|Any CPU
		{4C74376F-7119-4DC0-9BCA-CFC8FACDDB8D}.Debug|Any CPU.ActiveCfg = Debug|Any CPU
		{4C74376F-7119-4DC0-9BCA-CFC8FACDDB8D}.Debug|Any CPU.Build.0 = Debug|Any CPU
		{4C74376F-7119-4DC0-9BCA-CFC8FACDDB8D}.Release|Any CPU.ActiveCfg = Release|Any CPU
		{4C74376F-7119-4DC0-9BCA-CFC8FACDDB8D}.Release|Any CPU.Build.0 = Release|Any CPU
	EndGlobalSection
	GlobalSection(SolutionProperties) = preSolution
		HideSolutionNode = FALSE
	EndGlobalSection
	GlobalSection(ExtensibilityGlobals) = postSolution
		SolutionGuid = {2B8B4143-DF1D-4DDA-BCD7-6937B0C3C547}
	EndGlobalSection
EndGlobal
